PODS:
  - Shared (0.1)
  - SwiftLint (0.49.1)

DEPENDENCIES:
  - Shared (from `../shared`)
  - SwiftLint

SPEC REPOS:
  trunk:
    - SwiftLint

EXTERNAL SOURCES:
  Shared:
    :path: "../shared"

SPEC CHECKSUMS:
  Shared: f2c19c0b5f6abd7ec3aa3f109d4fce5885de176b
  SwiftLint: 32ee33ded0636d0905ef6911b2b67bbaeeedafa5

PODFILE CHECKSUM: 5baa6925aecf10ef705a6307fbe8d3ea1c77a900

COCOAPODS: 1.12.0
