PODS:
  - Reachability (3.2)
  - Shared (0.0.1):
    - Reachability (~> 3.2)
  - SwiftLint (0.52.4)

DEPENDENCIES:
  - Shared (from `../shared`)
  - SwiftLint

SPEC REPOS:
  trunk:
    - Reachability
    - SwiftLint

EXTERNAL SOURCES:
  Shared:
    :path: "../shared"

SPEC CHECKSUMS:
  Reachability: 33e18b67625424e47b6cde6d202dce689ad7af96
  Shared: 394ccbb1a148f40e374cb91aa5b75c96b121a775
  SwiftLint: 1cc5cd61ba9bacb2194e340aeb47a2a37fda00b3

PODFILE CHECKSUM: 83ebf5d7b61ce65029f18160027c7392430ee27f

COCOAPODS: 1.14.3
